
Microsoft Visual Studio Solution File, Format Version 12.00
# Visual Studio Version 17
VisualStudioVersion = 17.3.32901.215
MinimumVisualStudioVersion = 10.0.40219.1
Project("{2150E333-8FDC-42A3-9474-1A3956D46DE8}") = "NyFund.Integration", "NyFund.Integration", "{B1A8D635-5E53-41E3-BE1C-B91858DD47A5}"
EndProject
Project("{2150E333-8FDC-42A3-9474-1A3956D46DE8}") = "NyFund.Api", "NyFund.Api", "{2CB8F874-4A55-4F36-BC69-9F99ED425F04}"
EndProject
Project("{2150E333-8FDC-42A3-9474-1A3956D46DE8}") = "NyFund.Core", "NyFund.Core", "{0B34E15F-E137-46BC-9BC1-2A51006B5B75}"
EndProject
Project("{2150E333-8FDC-42A3-9474-1A3956D46DE8}") = "NyFund.Data", "NyFund.Data", "{71D5E5A5-6E7B-45DE-A246-CB1EADD71217}"
EndProject
Project("{2150E333-8FDC-42A3-9474-1A3956D46DE8}") = "NyFund.Common", "NyFund.Common", "{5F7FD854-9352-4366-A0D8-E894683F2050}"
EndProject
Project("{2150E333-8FDC-42A3-9474-1A3956D46DE8}") = "NyFund.Test", "NyFund.Test", "{6337079D-DFB8-4F5E-B899-82004933256A}"
EndProject
Project("{9A19103F-16F7-4668-BE54-9A1E7A4F7556}") = "NyFund.Api.Panel", "NyFund.Api\NyFund.Api.Panel\NyFund.Api.Panel.csproj", "{96DAD310-CFED-4E66-A104-1CEBE6A67845}"
EndProject
Project("{9A19103F-16F7-4668-BE54-9A1E7A4F7556}") = "NyFund.Core.Framework", "NyFund.Core\NyFund.Core.Framework\NyFund.Core.Framework.csproj", "{0790C051-48A1-4442-ADAB-DEAD3768D0D1}"
EndProject
Project("{9A19103F-16F7-4668-BE54-9A1E7A4F7556}") = "NyFund.Common.Middleware", "NyFund.Common\NyFund.Common.Middleware\NyFund.Common.Middleware.csproj", "{4AABA840-C750-417F-8882-32F32A9163AD}"
EndProject
Project("{9A19103F-16F7-4668-BE54-9A1E7A4F7556}") = "NyFund.Common.Helper", "NyFund.Common\NyFund.Common.Helper\NyFund.Common.Helper.csproj", "{9A68708F-EBB2-4554-8DE0-D45249A1CA4F}"
EndProject
Project("{9A19103F-16F7-4668-BE54-9A1E7A4F7556}") = "NyFund.Common.Dto", "NyFund.Common\NyFund.Common.Dto\NyFund.Common.Dto.csproj", "{EA220043-648A-4DA9-914D-9CFDB06C6A4A}"
EndProject
Global
	GlobalSection(SolutionConfigurationPlatforms) = preSolution
		Debug|Any CPU = Debug|Any CPU
		Release|Any CPU = Release|Any CPU
	EndGlobalSection
	GlobalSection(ProjectConfigurationPlatforms) = postSolution
		{96DAD310-CFED-4E66-A104-1CEBE6A67845}.Debug|Any CPU.ActiveCfg = Debug|Any CPU
		{96DAD310-CFED-4E66-A104-1CEBE6A67845}.Debug|Any CPU.Build.0 = Debug|Any CPU
		{96DAD310-CFED-4E66-A104-1CEBE6A67845}.Release|Any CPU.ActiveCfg = Release|Any CPU
		{96DAD310-CFED-4E66-A104-1CEBE6A67845}.Release|Any CPU.Build.0 = Release|Any CPU
		{0790C051-48A1-4442-ADAB-DEAD3768D0D1}.Debug|Any CPU.ActiveCfg = Debug|Any CPU
		{0790C051-48A1-4442-ADAB-DEAD3768D0D1}.Debug|Any CPU.Build.0 = Debug|Any CPU
		{0790C051-48A1-4442-ADAB-DEAD3768D0D1}.Release|Any CPU.ActiveCfg = Release|Any CPU
		{0790C051-48A1-4442-ADAB-DEAD3768D0D1}.Release|Any CPU.Build.0 = Release|Any CPU
		{4AABA840-C750-417F-8882-32F32A9163AD}.Debug|Any CPU.ActiveCfg = Debug|Any CPU
		{4AABA840-C750-417F-8882-32F32A9163AD}.Debug|Any CPU.Build.0 = Debug|Any CPU
		{4AABA840-C750-417F-8882-32F32A9163AD}.Release|Any CPU.ActiveCfg = Release|Any CPU
		{4AABA840-C750-417F-8882-32F32A9163AD}.Release|Any CPU.Build.0 = Release|Any CPU
		{9A68708F-EBB2-4554-8DE0-D45249A1CA4F}.Debug|Any CPU.ActiveCfg = Debug|Any CPU
		{9A68708F-EBB2-4554-8DE0-D45249A1CA4F}.Debug|Any CPU.Build.0 = Debug|Any CPU
		{9A68708F-EBB2-4554-8DE0-D45249A1CA4F}.Release|Any CPU.ActiveCfg = Release|Any CPU
		{9A68708F-EBB2-4554-8DE0-D45249A1CA4F}.Release|Any CPU.Build.0 = Release|Any CPU
		{EA220043-648A-4DA9-914D-9CFDB06C6A4A}.Debug|Any CPU.ActiveCfg = Debug|Any CPU
		{EA220043-648A-4DA9-914D-9CFDB06C6A4A}.Debug|Any CPU.Build.0 = Debug|Any CPU
		{EA220043-648A-4DA9-914D-9CFDB06C6A4A}.Release|Any CPU.ActiveCfg = Release|Any CPU
		{EA220043-648A-4DA9-914D-9CFDB06C6A4A}.Release|Any CPU.Build.0 = Release|Any CPU
	EndGlobalSection
	GlobalSection(SolutionProperties) = preSolution
		HideSolutionNode = FALSE
	EndGlobalSection
	GlobalSection(NestedProjects) = preSolution
		{96DAD310-CFED-4E66-A104-1CEBE6A67845} = {2CB8F874-4A55-4F36-BC69-9F99ED425F04}
		{0790C051-48A1-4442-ADAB-DEAD3768D0D1} = {0B34E15F-E137-46BC-9BC1-2A51006B5B75}
		{4AABA840-C750-417F-8882-32F32A9163AD} = {5F7FD854-9352-4366-A0D8-E894683F2050}
		{9A68708F-EBB2-4554-8DE0-D45249A1CA4F} = {5F7FD854-9352-4366-A0D8-E894683F2050}
		{EA220043-648A-4DA9-914D-9CFDB06C6A4A} = {5F7FD854-9352-4366-A0D8-E894683F2050}
	EndGlobalSection
	GlobalSection(ExtensibilityGlobals) = postSolution
		SolutionGuid = {3B3CBAFE-BDDE-4DB0-9261-5C22B99E0D64}
	EndGlobalSection
EndGlobal
